
Microsoft Visual Studio Solution File, Format Version 12.00
# Visual Studio Version 17
VisualStudioVersion = 17.11.35327.3
MinimumVisualStudioVersion = 10.0.40219.1
Project("{9A19103F-16F7-4668-BE54-9A1E7A4F7556}") = "FileSync", "FileSync.csproj", "{F1ADBA66-A025-4C23-A921-D9B3AE475088}"
EndProject
Global
	GlobalSection(SolutionConfigurationPlatforms) = preSolution
		Debug|Any CPU = Debug|Any CPU
		Release|Any CPU = Release|Any CPU
	EndGlobalSection
	GlobalSection(ProjectConfigurationPlatforms) = postSolution
		{F1ADBA66-A025-4C23-A921-D9B3AE475088}.Debug|Any CPU.ActiveCfg = Debug|Any CPU
		{F1ADBA66-A025-4C23-A921-D9B3AE475088}.Debug|Any CPU.Build.0 = Debug|Any CPU
		{F1ADBA66-A025-4C23-A921-D9B3AE475088}.Release|Any CPU.ActiveCfg = Release|Any CPU
		{F1ADBA66-A025-4C23-A921-D9B3AE475088}.Release|Any CPU.Build.0 = Release|Any CPU
	EndGlobalSection
	GlobalSection(SolutionProperties) = preSolution
		HideSolutionNode = FALSE
	EndGlobalSection
	GlobalSection(ExtensibilityGlobals) = postSolution
		SolutionGuid = {966F68AF-765D-4BD5-93A7-A86409357600}
	EndGlobalSection
EndGlobal
